
Microsoft Visual Studio Solution File, Format Version 12.00
# Visual Studio 15
VisualStudioVersion = 15.0.26430.16
MinimumVisualStudioVersion = 10.0.40219.1
Project("{FAE04EC0-301F-11D3-BF4B-00C04F79EFBC}") = "SimpleFileBackup", "SimpleFileBackup\SimpleFileBackup.csproj", "{2753DB89-6F2B-495A-80FC-7F9155DBD2A0}"
EndProject
Global
	GlobalSection(SolutionConfigurationPlatforms) = preSolution
		Debug|Any CPU = Debug|Any CPU
		Release|Any CPU = Release|Any CPU
	EndGlobalSection
	GlobalSection(ProjectConfigurationPlatforms) = postSolution
		{2753DB89-6F2B-495A-80FC-7F9155DBD2A0}.Debug|Any CPU.ActiveCfg = Debug|Any CPU
		{2753DB89-6F2B-495A-80FC-7F9155DBD2A0}.Debug|Any CPU.Build.0 = Debug|Any CPU
		{2753DB89-6F2B-495A-80FC-7F9155DBD2A0}.Release|Any CPU.ActiveCfg = Release|Any CPU
		{2753DB89-6F2B-495A-80FC-7F9155DBD2A0}.Release|Any CPU.Build.0 = Release|Any CPU
	EndGlobalSection
	GlobalSection(SolutionProperties) = preSolution
		HideSolutionNode = FALSE
	EndGlobalSection
EndGlobal
